
Microsoft Visual Studio Solution File, Format Version 12.00
# Visual Studio Version 17
VisualStudioVersion = 17.13.35931.197
MinimumVisualStudioVersion = 10.0.40219.1
Project("{FAE04EC0-301F-11D3-BF4B-00C04F79EFBC}") = "RentalOnlineStore.Web", "RentalOnlineStore.Web\RentalOnlineStore.Web.csproj", "{DC38E438-B8FD-439D-83B6-D1C416802384}"
EndProject
Project("{FAE04EC0-301F-11D3-BF4B-00C04F79EFBC}") = "RentalOnlineStore.Domain", "RentalOnlineStore.Domain\RentalOnlineStore.Domain.csproj", "{50FD72B4-B3F5-451B-B05E-503995BF0A55}"
EndProject
Project("{FAE04EC0-301F-11D3-BF4B-00C04F79EFBC}") = "RentalOnlineStore.DataAccess", "RentalOnlineStore.DataAccess\RentalOnlineStore.DataAccess.csproj", "{5921A0A0-E417-43CE-9825-C7F5ADE8EF0A}"
EndProject
Project("{FAE04EC0-301F-11D3-BF4B-00C04F79EFBC}") = "RentalOnlineStore.Services", "RentalOnlineStore.Services\RentalOnlineStore.Services.csproj", "{CC74BE50-2FFA-49FB-9A04-4056409329CA}"
EndProject
Global
	GlobalSection(SolutionConfigurationPlatforms) = preSolution
		Debug|Any CPU = Debug|Any CPU
		Release|Any CPU = Release|Any CPU
	EndGlobalSection
	GlobalSection(ProjectConfigurationPlatforms) = postSolution
		{DC38E438-B8FD-439D-83B6-D1C416802384}.Debug|Any CPU.ActiveCfg = Debug|Any CPU
		{DC38E438-B8FD-439D-83B6-D1C416802384}.Debug|Any CPU.Build.0 = Debug|Any CPU
		{DC38E438-B8FD-439D-83B6-D1C416802384}.Release|Any CPU.ActiveCfg = Release|Any CPU
		{DC38E438-B8FD-439D-83B6-D1C416802384}.Release|Any CPU.Build.0 = Release|Any CPU
		{50FD72B4-B3F5-451B-B05E-503995BF0A55}.Debug|Any CPU.ActiveCfg = Debug|Any CPU
		{50FD72B4-B3F5-451B-B05E-503995BF0A55}.Debug|Any CPU.Build.0 = Debug|Any CPU
		{50FD72B4-B3F5-451B-B05E-503995BF0A55}.Release|Any CPU.ActiveCfg = Release|Any CPU
		{50FD72B4-B3F5-451B-B05E-503995BF0A55}.Release|Any CPU.Build.0 = Release|Any CPU
		{5921A0A0-E417-43CE-9825-C7F5ADE8EF0A}.Debug|Any CPU.ActiveCfg = Debug|Any CPU
		{5921A0A0-E417-43CE-9825-C7F5ADE8EF0A}.Debug|Any CPU.Build.0 = Debug|Any CPU
		{5921A0A0-E417-43CE-9825-C7F5ADE8EF0A}.Release|Any CPU.ActiveCfg = Release|Any CPU
		{5921A0A0-E417-43CE-9825-C7F5ADE8EF0A}.Release|Any CPU.Build.0 = Release|Any CPU
		{CC74BE50-2FFA-49FB-9A04-4056409329CA}.Debug|Any CPU.ActiveCfg = Debug|Any CPU
		{CC74BE50-2FFA-49FB-9A04-4056409329CA}.Debug|Any CPU.Build.0 = Debug|Any CPU
		{CC74BE50-2FFA-49FB-9A04-4056409329CA}.Release|Any CPU.ActiveCfg = Release|Any CPU
		{CC74BE50-2FFA-49FB-9A04-4056409329CA}.Release|Any CPU.Build.0 = Release|Any CPU
	EndGlobalSection
	GlobalSection(SolutionProperties) = preSolution
		HideSolutionNode = FALSE
	EndGlobalSection
	GlobalSection(ExtensibilityGlobals) = postSolution
		SolutionGuid = {42C3CA7D-A03A-467E-A786-F2975BE38C88}
	EndGlobalSection
EndGlobal
