
Microsoft Visual Studio Solution File, Format Version 12.00
# Visual Studio Version 17
VisualStudioVersion = 17.13.35818.85 d17.13
MinimumVisualStudioVersion = 10.0.40219.1
Project("{FAE04EC0-301F-11D3-BF4B-00C04F79EFBC}") = "5_Exercise", "5_Exercise\5_Exercise.csproj", "{9CF7BEF7-D4F3-4D0B-A94E-8EEB1B7064C3}"
EndProject
Global
	GlobalSection(SolutionConfigurationPlatforms) = preSolution
		Debug|Any CPU = Debug|Any CPU
		Release|Any CPU = Release|Any CPU
	EndGlobalSection
	GlobalSection(ProjectConfigurationPlatforms) = postSolution
		{9CF7BEF7-D4F3-4D0B-A94E-8EEB1B7064C3}.Debug|Any CPU.ActiveCfg = Debug|Any CPU
		{9CF7BEF7-D4F3-4D0B-A94E-8EEB1B7064C3}.Debug|Any CPU.Build.0 = Debug|Any CPU
		{9CF7BEF7-D4F3-4D0B-A94E-8EEB1B7064C3}.Release|Any CPU.ActiveCfg = Release|Any CPU
		{9CF7BEF7-D4F3-4D0B-A94E-8EEB1B7064C3}.Release|Any CPU.Build.0 = Release|Any CPU
	EndGlobalSection
	GlobalSection(SolutionProperties) = preSolution
		HideSolutionNode = FALSE
	EndGlobalSection
	GlobalSection(ExtensibilityGlobals) = postSolution
		SolutionGuid = {D40C8B18-5364-4C62-B93C-0ADCBC2A3760}
	EndGlobalSection
EndGlobal
