
Microsoft Visual Studio Solution File, Format Version 12.00
# Visual Studio Version 17
VisualStudioVersion = 17.13.35919.96 d17.13
MinimumVisualStudioVersion = 10.0.40219.1
Project("{FAE04EC0-301F-11D3-BF4B-00C04F79EFBC}") = "Avenga.NoteApp", "Avenga.NoteApp\Avenga.NoteApp.csproj", "{7C0F91FF-3002-4DAC-B196-6F1A03929BA5}"
EndProject
Project("{FAE04EC0-301F-11D3-BF4B-00C04F79EFBC}") = "Avenga.NoteApp.Domain", "Avenga.NoteApp.Domain\Avenga.NoteApp.Domain.csproj", "{367A05DD-82A7-41B0-9EAB-534B1A40499E}"
EndProject
Project("{FAE04EC0-301F-11D3-BF4B-00C04F79EFBC}") = "Avenga.NoteApp.DataAccess", "Avenga.NoteApp.DataAccess\Avenga.NoteApp.DataAccess.csproj", "{B85A040E-5B23-49FD-BEAE-8EC2B7871BA2}"
EndProject
Project("{FAE04EC0-301F-11D3-BF4B-00C04F79EFBC}") = "Avenga.NoteApp.Dtos", "Avenga.NoteApp.Dtos\Avenga.NoteApp.Dtos.csproj", "{6940E323-EC3F-4400-B1B4-F446D4623DD7}"
EndProject
Project("{FAE04EC0-301F-11D3-BF4B-00C04F79EFBC}") = "Avenga.NoteApp.Helpers", "Avenga.NoteApp.Helpers\Avenga.NoteApp.Helpers.csproj", "{769539A3-495A-407A-98C8-3A5A8906AEEF}"
EndProject
Project("{FAE04EC0-301F-11D3-BF4B-00C04F79EFBC}") = "Avenga.NoteApp.Mappers", "Avenga.NoteApp.Mappers\Avenga.NoteApp.Mappers.csproj", "{FBB07A5F-3C51-402D-BA17-A30A629CD3C0}"
EndProject
Project("{FAE04EC0-301F-11D3-BF4B-00C04F79EFBC}") = "Avenga.NoteApp.Services", "Avenga.NoteApp.Services\Avenga.NoteApp.Services.csproj", "{BE12A964-2D22-4572-8D49-14C5BBFC5B15}"
EndProject
Project("{FAE04EC0-301F-11D3-BF4B-00C04F79EFBC}") = "Avenga.NoteApp.Shared", "Avenga.NoteApp.Shared\Avenga.NoteApp.Shared.csproj", "{1D92D83D-2DC2-44FD-A895-30A65CA1B753}"
EndProject
Global
	GlobalSection(SolutionConfigurationPlatforms) = preSolution
		Debug|Any CPU = Debug|Any CPU
		Release|Any CPU = Release|Any CPU
	EndGlobalSection
	GlobalSection(ProjectConfigurationPlatforms) = postSolution
		{7C0F91FF-3002-4DAC-B196-6F1A03929BA5}.Debug|Any CPU.ActiveCfg = Debug|Any CPU
		{7C0F91FF-3002-4DAC-B196-6F1A03929BA5}.Debug|Any CPU.Build.0 = Debug|Any CPU
		{7C0F91FF-3002-4DAC-B196-6F1A03929BA5}.Release|Any CPU.ActiveCfg = Release|Any CPU
		{7C0F91FF-3002-4DAC-B196-6F1A03929BA5}.Release|Any CPU.Build.0 = Release|Any CPU
		{367A05DD-82A7-41B0-9EAB-534B1A40499E}.Debug|Any CPU.ActiveCfg = Debug|Any CPU
		{367A05DD-82A7-41B0-9EAB-534B1A40499E}.Debug|Any CPU.Build.0 = Debug|Any CPU
		{367A05DD-82A7-41B0-9EAB-534B1A40499E}.Release|Any CPU.ActiveCfg = Release|Any CPU
		{367A05DD-82A7-41B0-9EAB-534B1A40499E}.Release|Any CPU.Build.0 = Release|Any CPU
		{B85A040E-5B23-49FD-BEAE-8EC2B7871BA2}.Debug|Any CPU.ActiveCfg = Debug|Any CPU
		{B85A040E-5B23-49FD-BEAE-8EC2B7871BA2}.Debug|Any CPU.Build.0 = Debug|Any CPU
		{B85A040E-5B23-49FD-BEAE-8EC2B7871BA2}.Release|Any CPU.ActiveCfg = Release|Any CPU
		{B85A040E-5B23-49FD-BEAE-8EC2B7871BA2}.Release|Any CPU.Build.0 = Release|Any CPU
		{6940E323-EC3F-4400-B1B4-F446D4623DD7}.Debug|Any CPU.ActiveCfg = Debug|Any CPU
		{6940E323-EC3F-4400-B1B4-F446D4623DD7}.Debug|Any CPU.Build.0 = Debug|Any CPU
		{6940E323-EC3F-4400-B1B4-F446D4623DD7}.Release|Any CPU.ActiveCfg = Release|Any CPU
		{6940E323-EC3F-4400-B1B4-F446D4623DD7}.Release|Any CPU.Build.0 = Release|Any CPU
		{769539A3-495A-407A-98C8-3A5A8906AEEF}.Debug|Any CPU.ActiveCfg = Debug|Any CPU
		{769539A3-495A-407A-98C8-3A5A8906AEEF}.Debug|Any CPU.Build.0 = Debug|Any CPU
		{769539A3-495A-407A-98C8-3A5A8906AEEF}.Release|Any CPU.ActiveCfg = Release|Any CPU
		{769539A3-495A-407A-98C8-3A5A8906AEEF}.Release|Any CPU.Build.0 = Release|Any CPU
		{FBB07A5F-3C51-402D-BA17-A30A629CD3C0}.Debug|Any CPU.ActiveCfg = Debug|Any CPU
		{FBB07A5F-3C51-402D-BA17-A30A629CD3C0}.Debug|Any CPU.Build.0 = Debug|Any CPU
		{FBB07A5F-3C51-402D-BA17-A30A629CD3C0}.Release|Any CPU.ActiveCfg = Release|Any CPU
		{FBB07A5F-3C51-402D-BA17-A30A629CD3C0}.Release|Any CPU.Build.0 = Release|Any CPU
		{BE12A964-2D22-4572-8D49-14C5BBFC5B15}.Debug|Any CPU.ActiveCfg = Debug|Any CPU
		{BE12A964-2D22-4572-8D49-14C5BBFC5B15}.Debug|Any CPU.Build.0 = Debug|Any CPU
		{BE12A964-2D22-4572-8D49-14C5BBFC5B15}.Release|Any CPU.ActiveCfg = Release|Any CPU
		{BE12A964-2D22-4572-8D49-14C5BBFC5B15}.Release|Any CPU.Build.0 = Release|Any CPU
		{1D92D83D-2DC2-44FD-A895-30A65CA1B753}.Debug|Any CPU.ActiveCfg = Debug|Any CPU
		{1D92D83D-2DC2-44FD-A895-30A65CA1B753}.Debug|Any CPU.Build.0 = Debug|Any CPU
		{1D92D83D-2DC2-44FD-A895-30A65CA1B753}.Release|Any CPU.ActiveCfg = Release|Any CPU
		{1D92D83D-2DC2-44FD-A895-30A65CA1B753}.Release|Any CPU.Build.0 = Release|Any CPU
	EndGlobalSection
	GlobalSection(SolutionProperties) = preSolution
		HideSolutionNode = FALSE
	EndGlobalSection
	GlobalSection(ExtensibilityGlobals) = postSolution
		SolutionGuid = {1487CE83-CFC1-48C3-9E08-C22C91945F75}
	EndGlobalSection
EndGlobal
