
Microsoft Visual Studio Solution File, Format Version 12.00
# Visual Studio Version 17
VisualStudioVersion = 17.13.35919.96 d17.13
MinimumVisualStudioVersion = 10.0.40219.1
Project("{FAE04EC0-301F-11D3-BF4B-00C04F79EFBC}") = "ConsoleApp1", "ConsoleApp1\ConsoleApp1.csproj", "{47EF8911-293B-4FA6-BA1E-F0FB60D36121}"
EndProject
Global
	GlobalSection(SolutionConfigurationPlatforms) = preSolution
		Debug|Any CPU = Debug|Any CPU
		Release|Any CPU = Release|Any CPU
	EndGlobalSection
	GlobalSection(ProjectConfigurationPlatforms) = postSolution
		{47EF8911-293B-4FA6-BA1E-F0FB60D36121}.Debug|Any CPU.ActiveCfg = Debug|Any CPU
		{47EF8911-293B-4FA6-BA1E-F0FB60D36121}.Debug|Any CPU.Build.0 = Debug|Any CPU
		{47EF8911-293B-4FA6-BA1E-F0FB60D36121}.Release|Any CPU.ActiveCfg = Release|Any CPU
		{47EF8911-293B-4FA6-BA1E-F0FB60D36121}.Release|Any CPU.Build.0 = Release|Any CPU
	EndGlobalSection
	GlobalSection(SolutionProperties) = preSolution
		HideSolutionNode = FALSE
	EndGlobalSection
	GlobalSection(ExtensibilityGlobals) = postSolution
		SolutionGuid = {056026EF-69CC-4B4A-9FAD-5084C2534041}
	EndGlobalSection
EndGlobal
