
Microsoft Visual Studio Solution File, Format Version 12.00
# Visual Studio Version 17
VisualStudioVersion = 17.13.35818.85 d17.13
MinimumVisualStudioVersion = 10.0.40219.1
Project("{FAE04EC0-301F-11D3-BF4B-00C04F79EFBC}") = "3_Exercise", "3_Exercise\3_Exercise.csproj", "{06E89661-AAF6-4DFC-88EC-E3ECFA6FDF55}"
EndProject
Global
	GlobalSection(SolutionConfigurationPlatforms) = preSolution
		Debug|Any CPU = Debug|Any CPU
		Release|Any CPU = Release|Any CPU
	EndGlobalSection
	GlobalSection(ProjectConfigurationPlatforms) = postSolution
		{06E89661-AAF6-4DFC-88EC-E3ECFA6FDF55}.Debug|Any CPU.ActiveCfg = Debug|Any CPU
		{06E89661-AAF6-4DFC-88EC-E3ECFA6FDF55}.Debug|Any CPU.Build.0 = Debug|Any CPU
		{06E89661-AAF6-4DFC-88EC-E3ECFA6FDF55}.Release|Any CPU.ActiveCfg = Release|Any CPU
		{06E89661-AAF6-4DFC-88EC-E3ECFA6FDF55}.Release|Any CPU.Build.0 = Release|Any CPU
	EndGlobalSection
	GlobalSection(SolutionProperties) = preSolution
		HideSolutionNode = FALSE
	EndGlobalSection
	GlobalSection(ExtensibilityGlobals) = postSolution
		SolutionGuid = {2F5F2790-9AB3-41B5-9607-7DC92D3605DF}
	EndGlobalSection
EndGlobal
