
Microsoft Visual Studio Solution File, Format Version 12.00
# Visual Studio Version 17
VisualStudioVersion = 17.13.35818.85 d17.13
MinimumVisualStudioVersion = 10.0.40219.1
Project("{FAE04EC0-301F-11D3-BF4B-00C04F79EFBC}") = "2_Exercise", "2_Exercise\2_Exercise.csproj", "{DB2D28E9-51B4-45FA-BB59-99D4A3E7AD47}"
EndProject
Global
	GlobalSection(SolutionConfigurationPlatforms) = preSolution
		Debug|Any CPU = Debug|Any CPU
		Release|Any CPU = Release|Any CPU
	EndGlobalSection
	GlobalSection(ProjectConfigurationPlatforms) = postSolution
		{DB2D28E9-51B4-45FA-BB59-99D4A3E7AD47}.Debug|Any CPU.ActiveCfg = Debug|Any CPU
		{DB2D28E9-51B4-45FA-BB59-99D4A3E7AD47}.Debug|Any CPU.Build.0 = Debug|Any CPU
		{DB2D28E9-51B4-45FA-BB59-99D4A3E7AD47}.Release|Any CPU.ActiveCfg = Release|Any CPU
		{DB2D28E9-51B4-45FA-BB59-99D4A3E7AD47}.Release|Any CPU.Build.0 = Release|Any CPU
	EndGlobalSection
	GlobalSection(SolutionProperties) = preSolution
		HideSolutionNode = FALSE
	EndGlobalSection
	GlobalSection(ExtensibilityGlobals) = postSolution
		SolutionGuid = {C7D815F0-C719-4E14-9C92-50CCCC5A15EC}
	EndGlobalSection
EndGlobal
